
Microsoft Visual Studio Solution File, Format Version 12.00
# Visual Studio Version 16
VisualStudioVersion = 16.0.35425.106
MinimumVisualStudioVersion = 10.0.40219.1
Project("{FAE04EC0-301F-11D3-BF4B-00C04F79EFBC}") = "BookShelf", "BookShelf\BookShelf.csproj", "{D703B9EC-559E-4660-8874-51A5A2F1BB69}"
EndProject
Global
	GlobalSection(SolutionConfigurationPlatforms) = preSolution
		Debug|Any CPU = Debug|Any CPU
		Release|Any CPU = Release|Any CPU
	EndGlobalSection
	GlobalSection(ProjectConfigurationPlatforms) = postSolution
		{D703B9EC-559E-4660-8874-51A5A2F1BB69}.Debug|Any CPU.ActiveCfg = Debug|Any CPU
		{D703B9EC-559E-4660-8874-51A5A2F1BB69}.Debug|Any CPU.Build.0 = Debug|Any CPU
		{D703B9EC-559E-4660-8874-51A5A2F1BB69}.Release|Any CPU.ActiveCfg = Release|Any CPU
		{D703B9EC-559E-4660-8874-51A5A2F1BB69}.Release|Any CPU.Build.0 = Release|Any CPU
	EndGlobalSection
	GlobalSection(SolutionProperties) = preSolution
		HideSolutionNode = FALSE
	EndGlobalSection
	GlobalSection(ExtensibilityGlobals) = postSolution
		SolutionGuid = {FC235489-FA6E-43B1-B9C6-693CC1339F31}
	EndGlobalSection
EndGlobal
